
Microsoft Visual Studio Solution File, Format Version 12.00
# Visual Studio Version 17
VisualStudioVersion = 17.1.32228.430
MinimumVisualStudioVersion = 10.0.40219.1
Project("{FAE04EC0-301F-11D3-BF4B-00C04F79EFBC}") = "DependencyInjection", "DependencyInjection\DependencyInjection.csproj", "{0228E821-D4FE-4930-BFC9-D1843C78BCCF}"
EndProject
Global
	GlobalSection(SolutionConfigurationPlatforms) = preSolution
		Debug|Any CPU = Debug|Any CPU
		Release|Any CPU = Release|Any CPU
	EndGlobalSection
	GlobalSection(ProjectConfigurationPlatforms) = postSolution
		{0228E821-D4FE-4930-BFC9-D1843C78BCCF}.Debug|Any CPU.ActiveCfg = Debug|Any CPU
		{0228E821-D4FE-4930-BFC9-D1843C78BCCF}.Debug|Any CPU.Build.0 = Debug|Any CPU
		{0228E821-D4FE-4930-BFC9-D1843C78BCCF}.Release|Any CPU.ActiveCfg = Release|Any CPU
		{0228E821-D4FE-4930-BFC9-D1843C78BCCF}.Release|Any CPU.Build.0 = Release|Any CPU
	EndGlobalSection
	GlobalSection(SolutionProperties) = preSolution
		HideSolutionNode = FALSE
	EndGlobalSection
	GlobalSection(ExtensibilityGlobals) = postSolution
		SolutionGuid = {D9EDE7E5-C753-43A9-A4A7-0C173315CC30}
	EndGlobalSection
EndGlobal
